
Microsoft Visual Studio Solution File, Format Version 12.00
# Visual Studio Version 17
VisualStudioVersion = 17.0.31903.59
MinimumVisualStudioVersion = 10.0.40219.1
Project("{2150E333-8FDC-42A3-9474-1A3956D46DE8}") = "src", "src", "{D8C7CADB-97C5-42CD-B857-46176F871971}"
EndProject
Project("{2150E333-8FDC-42A3-9474-1A3956D46DE8}") = "core", "core", "{D12DF022-656F-4274-BC65-F4BB4AC711AF}"
EndProject
Project("{2150E333-8FDC-42A3-9474-1A3956D46DE8}") = "infrastructure", "infrastructure", "{54457EB2-7541-45C0-A9A7-9FAA66F1B336}"
EndProject
Project("{2150E333-8FDC-42A3-9474-1A3956D46DE8}") = "presentation", "presentation", "{0CDDA152-466F-4E6C-B000-59BF378EFCA3}"
EndProject
Project("{9A19103F-16F7-4668-BE54-9A1E7A4F7556}") = "LP.Application", "src\core\LP.Application\LP.Application.csproj", "{575CF8DE-B33E-4F27-ACCE-D965C1A5DF65}"
EndProject
Project("{9A19103F-16F7-4668-BE54-9A1E7A4F7556}") = "LP.Domain", "src\core\LP.Domain\LP.Domain.csproj", "{410C6377-3E59-4FF6-9922-F6277134B8CC}"
EndProject
Project("{9A19103F-16F7-4668-BE54-9A1E7A4F7556}") = "LP.Infrastructure", "src\infrastructure\LP.Infrastructure\LP.Infrastructure.csproj", "{0734B5F3-D6F1-438D-84FF-AEF8070B14A2}"
EndProject
Project("{FAE04EC0-301F-11D3-BF4B-00C04F79EFBC}") = "LP.Presentation", "src\presentation\LP.Presentation\LP.Presentation.csproj", "{148B1466-AE22-4FD6-B328-A300D7E8E48E}"
EndProject
Global
	GlobalSection(SolutionConfigurationPlatforms) = preSolution
		Debug|Any CPU = Debug|Any CPU
		Release|Any CPU = Release|Any CPU
	EndGlobalSection
	GlobalSection(ProjectConfigurationPlatforms) = postSolution
		{575CF8DE-B33E-4F27-ACCE-D965C1A5DF65}.Debug|Any CPU.ActiveCfg = Debug|Any CPU
		{575CF8DE-B33E-4F27-ACCE-D965C1A5DF65}.Debug|Any CPU.Build.0 = Debug|Any CPU
		{575CF8DE-B33E-4F27-ACCE-D965C1A5DF65}.Release|Any CPU.ActiveCfg = Release|Any CPU
		{575CF8DE-B33E-4F27-ACCE-D965C1A5DF65}.Release|Any CPU.Build.0 = Release|Any CPU
		{410C6377-3E59-4FF6-9922-F6277134B8CC}.Debug|Any CPU.ActiveCfg = Debug|Any CPU
		{410C6377-3E59-4FF6-9922-F6277134B8CC}.Debug|Any CPU.Build.0 = Debug|Any CPU
		{410C6377-3E59-4FF6-9922-F6277134B8CC}.Release|Any CPU.ActiveCfg = Release|Any CPU
		{410C6377-3E59-4FF6-9922-F6277134B8CC}.Release|Any CPU.Build.0 = Release|Any CPU
		{0734B5F3-D6F1-438D-84FF-AEF8070B14A2}.Debug|Any CPU.ActiveCfg = Debug|Any CPU
		{0734B5F3-D6F1-438D-84FF-AEF8070B14A2}.Debug|Any CPU.Build.0 = Debug|Any CPU
		{0734B5F3-D6F1-438D-84FF-AEF8070B14A2}.Release|Any CPU.ActiveCfg = Release|Any CPU
		{0734B5F3-D6F1-438D-84FF-AEF8070B14A2}.Release|Any CPU.Build.0 = Release|Any CPU
		{148B1466-AE22-4FD6-B328-A300D7E8E48E}.Debug|Any CPU.ActiveCfg = Debug|Any CPU
		{148B1466-AE22-4FD6-B328-A300D7E8E48E}.Debug|Any CPU.Build.0 = Debug|Any CPU
		{148B1466-AE22-4FD6-B328-A300D7E8E48E}.Release|Any CPU.ActiveCfg = Release|Any CPU
		{148B1466-AE22-4FD6-B328-A300D7E8E48E}.Release|Any CPU.Build.0 = Release|Any CPU
	EndGlobalSection
	GlobalSection(SolutionProperties) = preSolution
		HideSolutionNode = FALSE
	EndGlobalSection
	GlobalSection(NestedProjects) = preSolution
		{D12DF022-656F-4274-BC65-F4BB4AC711AF} = {D8C7CADB-97C5-42CD-B857-46176F871971}
		{54457EB2-7541-45C0-A9A7-9FAA66F1B336} = {D8C7CADB-97C5-42CD-B857-46176F871971}
		{0CDDA152-466F-4E6C-B000-59BF378EFCA3} = {D8C7CADB-97C5-42CD-B857-46176F871971}
		{575CF8DE-B33E-4F27-ACCE-D965C1A5DF65} = {D12DF022-656F-4274-BC65-F4BB4AC711AF}
		{410C6377-3E59-4FF6-9922-F6277134B8CC} = {D12DF022-656F-4274-BC65-F4BB4AC711AF}
		{0734B5F3-D6F1-438D-84FF-AEF8070B14A2} = {54457EB2-7541-45C0-A9A7-9FAA66F1B336}
		{148B1466-AE22-4FD6-B328-A300D7E8E48E} = {0CDDA152-466F-4E6C-B000-59BF378EFCA3}
	EndGlobalSection
	GlobalSection(ExtensibilityGlobals) = postSolution
		SolutionGuid = {251D6955-94FB-446C-8946-DF837923E298}
	EndGlobalSection
EndGlobal
